
Microsoft Visual Studio Solution File, Format Version 12.00
Project("{F2A71F9B-5D33-465A-A702-920D77279786}") = "FsharpExamples", "FsharpExamples\FsharpExamples.fsproj", "{82CA2218-4633-4DC4-9F1B-A039A352699A}"
EndProject
Project("{FAE04EC0-301F-11D3-BF4B-00C04F79EFBC}") = "CsharpExamples", "CsharpExamples\CsharpExamples.csproj", "{E5CD3498-7B33-4CD4-9CC6-DAC740D1B939}"
EndProject
Project("{FAE04EC0-301F-11D3-BF4B-00C04F79EFBC}") = "CsharpExamples.Test", "CsharpExamples.Test\CsharpExamples.Test.csproj", "{213F1E0E-665A-4BD6-BF1D-505C21838519}"
EndProject
Global
	GlobalSection(SolutionConfigurationPlatforms) = preSolution
		Debug|Any CPU = Debug|Any CPU
		Release|Any CPU = Release|Any CPU
	EndGlobalSection
	GlobalSection(ProjectConfigurationPlatforms) = postSolution
		{82CA2218-4633-4DC4-9F1B-A039A352699A}.Debug|Any CPU.ActiveCfg = Debug|Any CPU
		{82CA2218-4633-4DC4-9F1B-A039A352699A}.Debug|Any CPU.Build.0 = Debug|Any CPU
		{82CA2218-4633-4DC4-9F1B-A039A352699A}.Release|Any CPU.ActiveCfg = Release|Any CPU
		{82CA2218-4633-4DC4-9F1B-A039A352699A}.Release|Any CPU.Build.0 = Release|Any CPU
		{E5CD3498-7B33-4CD4-9CC6-DAC740D1B939}.Debug|Any CPU.ActiveCfg = Debug|Any CPU
		{E5CD3498-7B33-4CD4-9CC6-DAC740D1B939}.Debug|Any CPU.Build.0 = Debug|Any CPU
		{E5CD3498-7B33-4CD4-9CC6-DAC740D1B939}.Release|Any CPU.ActiveCfg = Release|Any CPU
		{E5CD3498-7B33-4CD4-9CC6-DAC740D1B939}.Release|Any CPU.Build.0 = Release|Any CPU
		{213F1E0E-665A-4BD6-BF1D-505C21838519}.Debug|Any CPU.ActiveCfg = Debug|Any CPU
		{213F1E0E-665A-4BD6-BF1D-505C21838519}.Debug|Any CPU.Build.0 = Debug|Any CPU
		{213F1E0E-665A-4BD6-BF1D-505C21838519}.Release|Any CPU.ActiveCfg = Release|Any CPU
		{213F1E0E-665A-4BD6-BF1D-505C21838519}.Release|Any CPU.Build.0 = Release|Any CPU
	EndGlobalSection
EndGlobal
